
Microsoft Visual Studio Solution File, Format Version 12.00
# Visual Studio Version 16
VisualStudioVersion = 16.0.31112.23
MinimumVisualStudioVersion = 10.0.40219.1
Project("{FAE04EC0-301F-11D3-BF4B-00C04F79EFBC}") = "QuanLyQuanCafe", "QuanLyQuanCafe\QuanLyQuanCafe.csproj", "{6DB41CC7-D808-4194-BA9D-DAFC3BB022CB}"
EndProject
Global
	GlobalSection(SolutionConfigurationPlatforms) = preSolution
		Debug|Any CPU = Debug|Any CPU
		Release|Any CPU = Release|Any CPU
	EndGlobalSection
	GlobalSection(ProjectConfigurationPlatforms) = postSolution
		{6DB41CC7-D808-4194-BA9D-DAFC3BB022CB}.Debug|Any CPU.ActiveCfg = Debug|Any CPU
		{6DB41CC7-D808-4194-BA9D-DAFC3BB022CB}.Debug|Any CPU.Build.0 = Debug|Any CPU
		{6DB41CC7-D808-4194-BA9D-DAFC3BB022CB}.Release|Any CPU.ActiveCfg = Release|Any CPU
		{6DB41CC7-D808-4194-BA9D-DAFC3BB022CB}.Release|Any CPU.Build.0 = Release|Any CPU
	EndGlobalSection
	GlobalSection(SolutionProperties) = preSolution
		HideSolutionNode = FALSE
	EndGlobalSection
	GlobalSection(ExtensibilityGlobals) = postSolution
		SolutionGuid = {27E40F49-DFFC-4DCA-906B-ACECE18ABA3D}
	EndGlobalSection
EndGlobal
